
Microsoft Visual Studio Solution File, Format Version 12.00
# Visual Studio Version 17
VisualStudioVersion = 17.13.35931.197 d17.13
MinimumVisualStudioVersion = 10.0.40219.1
Project("{FAE04EC0-301F-11D3-BF4B-00C04F79EFBC}") = "FawryTask", "FawryTask\FawryTask.csproj", "{181B55E6-A79F-4BBF-BFAC-C1196C7F9C20}"
EndProject
Global
	GlobalSection(SolutionConfigurationPlatforms) = preSolution
		Debug|Any CPU = Debug|Any CPU
		Release|Any CPU = Release|Any CPU
	EndGlobalSection
	GlobalSection(ProjectConfigurationPlatforms) = postSolution
		{181B55E6-A79F-4BBF-BFAC-C1196C7F9C20}.Debug|Any CPU.ActiveCfg = Debug|Any CPU
		{181B55E6-A79F-4BBF-BFAC-C1196C7F9C20}.Debug|Any CPU.Build.0 = Debug|Any CPU
		{181B55E6-A79F-4BBF-BFAC-C1196C7F9C20}.Release|Any CPU.ActiveCfg = Release|Any CPU
		{181B55E6-A79F-4BBF-BFAC-C1196C7F9C20}.Release|Any CPU.Build.0 = Release|Any CPU
	EndGlobalSection
	GlobalSection(SolutionProperties) = preSolution
		HideSolutionNode = FALSE
	EndGlobalSection
	GlobalSection(ExtensibilityGlobals) = postSolution
		SolutionGuid = {91E65083-35EF-4B31-A3BC-4F0E53FB7BFC}
	EndGlobalSection
EndGlobal
